// !$*UTF8*$!
{
	archiveVersion = 1;
	classes = {
	};
	objectVersion = 46;
	objects = {

/* Begin PBXBuildFile section */
		F4EC860318392D8100694144 /* Foundation.framework in Frameworks */ = {isa = PBXBuildFile; fileRef = F4EC860218392D8100694144 /* Foundation.framework */; };
		F4EC860518392D8100694144 /* CoreGraphics.framework in Frameworks */ = {isa = PBXBuildFile; fileRef = F4EC860418392D8100694144 /* CoreGraphics.framework */; };
		F4EC860718392D8100694144 /* UIKit.framework in Frameworks */ = {isa = PBXBuildFile; fileRef = F4EC860618392D8100694144 /* UIKit.framework */; };
		F4EC860D18392D8100694144 /* InfoPlist.strings in Resources */ = {isa = PBXBuildFile; fileRef = F4EC860B18392D8100694144 /* InfoPlist.strings */; };
		F4EC860F18392D8100694144 /* main.m in Sources */ = {isa = PBXBuildFile; fileRef = F4EC860E18392D8100694144 /* main.m */; };
		F4EC861318392D8100694144 /* AppDelegate.m in Sources */ = {isa = PBXBuildFile; fileRef = F4EC861218392D8100694144 /* AppDelegate.m */; };
		F4EC861618392D8100694144 /* Main.storyboard in Resources */ = {isa = PBXBuildFile; fileRef = F4EC861418392D8100694144 /* Main.storyboard */; };
		F4EC861918392D8100694144 /* ViewController.m in Sources */ = {isa = PBXBuildFile; fileRef = F4EC861818392D8100694144 /* ViewController.m */; };
		F4EC861B18392D8100694144 /* Images.xcassets in Resources */ = {isa = PBXBuildFile; fileRef = F4EC861A18392D8100694144 /* Images.xcassets */; };
		F4EC862218392D8100694144 /* XCTest.framework in Frameworks */ = {isa = PBXBuildFile; fileRef = F4EC862118392D8100694144 /* XCTest.framework */; };
		F4EC862318392D8100694144 /* Foundation.framework in Frameworks */ = {isa = PBXBuildFile; fileRef = F4EC860218392D8100694144 /* Foundation.framework */; };
		F4EC862418392D8100694144 /* UIKit.framework in Frameworks */ = {isa = PBXBuildFile; fileRef = F4EC860618392D8100694144 /* UIKit.framework */; };
		F4EC862C18392D8100694144 /* InfoPlist.strings in Resources */ = {isa = PBXBuildFile; fileRef = F4EC862A18392D8100694144 /* InfoPlist.strings */; };
		F4EC862E18392D8100694144 /* SlowAppTests.m in Sources */ = {isa = PBXBuildFile; fileRef = F4EC862D18392D8100694144 /* SlowAppTests.m */; };
/* End PBXBuildFile section */

/* Begin PBXContainerItemProxy section */
		F4EC862518392D8100694144 /* PBXContainerItemProxy */ = {
			isa = PBXContainerItemProxy;
			containerPortal = F4EC85F718392D8100694144 /* Project object */;
			proxyType = 1;
			remoteGlobalIDString = F4EC85FE18392D8100694144;
			remoteInfo = SlowApp;
		};
/* End PBXContainerItemProxy section */

/* Begin PBXFileReference section */
		F4EC85FF18392D8100694144 /* SlowApp.app */ = {isa = PBXFileReference; explicitFileType = wrapper.application; includeInIndex = 0; path = SlowApp.app; sourceTree = BUILT_PRODUCTS_DIR; };
		F4EC860218392D8100694144 /* Foundation.framework */ = {isa = PBXFileReference; lastKnownFileType = wrapper.framework; name = Foundation.framework; path = System/Library/Frameworks/Foundation.framework; sourceTree = SDKROOT; };
		F4EC860418392D8100694144 /* CoreGraphics.framework */ = {isa = PBXFileReference; lastKnownFileType = wrapper.framework; name = CoreGraphics.framework; path = System/Library/Frameworks/CoreGraphics.framework; sourceTree = SDKROOT; };
		F4EC860618392D8100694144 /* UIKit.framework */ = {isa = PBXFileReference; lastKnownFileType = wrapper.framework; name = UIKit.framework; path = System/Library/Frameworks/UIKit.framework; sourceTree = SDKROOT; };
		F4EC860A18392D8100694144 /* SlowApp-Info.plist */ = {isa = PBXFileReference; lastKnownFileType = text.plist.xml; path = "SlowApp-Info.plist"; sourceTree = "<group>"; };
		F4EC860C18392D8100694144 /* en */ = {isa = PBXFileReference; lastKnownFileType = text.plist.strings; name = en; path = en.lproj/InfoPlist.strings; sourceTree = "<group>"; };
		F4EC860E18392D8100694144 /* main.m */ = {isa = PBXFileReference; lastKnownFileType = sourcecode.c.objc; path = main.m; sourceTree = "<group>"; };
		F4EC861018392D8100694144 /* SlowApp-Prefix.pch */ = {isa = PBXFileReference; lastKnownFileType = sourcecode.c.h; path = "SlowApp-Prefix.pch"; sourceTree = "<group>"; };
		F4EC861118392D8100694144 /* AppDelegate.h */ = {isa = PBXFileReference; lastKnownFileType = sourcecode.c.h; path = AppDelegate.h; sourceTree = "<group>"; };
		F4EC861218392D8100694144 /* AppDelegate.m */ = {isa = PBXFileReference; lastKnownFileType = sourcecode.c.objc; path = AppDelegate.m; sourceTree = "<group>"; };
		F4EC861518392D8100694144 /* Base */ = {isa = PBXFileReference; lastKnownFileType = file.storyboard; name = Base; path = Base.lproj/Main.storyboard; sourceTree = "<group>"; };
		F4EC861718392D8100694144 /* ViewController.h */ = {isa = PBXFileReference; lastKnownFileType = sourcecode.c.h; path = ViewController.h; sourceTree = "<group>"; };
		F4EC861818392D8100694144 /* ViewController.m */ = {isa = PBXFileReference; lastKnownFileType = sourcecode.c.objc; path = ViewController.m; sourceTree = "<group>"; };
		F4EC861A18392D8100694144 /* Images.xcassets */ = {isa = PBXFileReference; lastKnownFileType = folder.assetcatalog; path = Images.xcassets; sourceTree = "<group>"; };
		F4EC862018392D8100694144 /* SlowAppTests.xctest */ = {isa = PBXFileReference; explicitFileType = wrapper.cfbundle; includeInIndex = 0; path = SlowAppTests.xctest; sourceTree = BUILT_PRODUCTS_DIR; };
		F4EC862118392D8100694144 /* XCTest.framework */ = {isa = PBXFileReference; lastKnownFileType = wrapper.framework; name = XCTest.framework; path = Library/Frameworks/XCTest.framework; sourceTree = DEVELOPER_DIR; };
		F4EC862918392D8100694144 /* SlowAppTests-Info.plist */ = {isa = PBXFileReference; lastKnownFileType = text.plist.xml; path = "SlowAppTests-Info.plist"; sourceTree = "<group>"; };
		F4EC862B18392D8100694144 /* en */ = {isa = PBXFileReference; lastKnownFileType = text.plist.strings; name = en; path = en.lproj/InfoPlist.strings; sourceTree = "<group>"; };
		F4EC862D18392D8100694144 /* SlowAppTests.m */ = {isa = PBXFileReference; lastKnownFileType = sourcecode.c.objc; path = SlowAppTests.m; sourceTree = "<group>"; };
/* End PBXFileReference section */

/* Begin PBXFrameworksBuildPhase section */
		F4EC85FC18392D8100694144 /* Frameworks */ = {
			isa = PBXFrameworksBuildPhase;
			buildActionMask = 2147483647;
			files = (
				F4EC860518392D8100694144 /* CoreGraphics.framework in Frameworks */,
				F4EC860718392D8100694144 /* UIKit.framework in Frameworks */,
				F4EC860318392D8100694144 /* Foundation.framework in Frameworks */,
			);
			runOnlyForDeploymentPostprocessing = 0;
		};
		F4EC861D18392D8100694144 /* Frameworks */ = {
			isa = PBXFrameworksBuildPhase;
			buildActionMask = 2147483647;
			files = (
				F4EC862218392D8100694144 /* XCTest.framework in Frameworks */,
				F4EC862418392D8100694144 /* UIKit.framework in Frameworks */,
				F4EC862318392D8100694144 /* Foundation.framework in Frameworks */,
			);
			runOnlyForDeploymentPostprocessing = 0;
		};
/* End PBXFrameworksBuildPhase section */

/* Begin PBXGroup section */
		F4EC85F618392D8100694144 = {
			isa = PBXGroup;
			children = (
				F4EC860818392D8100694144 /* SlowApp */,
				F4EC862718392D8100694144 /* SlowAppTests */,
				F4EC860118392D8100694144 /* Frameworks */,
				F4EC860018392D8100694144 /* Products */,
			);
			sourceTree = "<group>";
		};
		F4EC860018392D8100694144 /* Products */ = {
			isa = PBXGroup;
			children = (
				F4EC85FF18392D8100694144 /* SlowApp.app */,
				F4EC862018392D8100694144 /* SlowAppTests.xctest */,
			);
			name = Products;
			sourceTree = "<group>";
		};
		F4EC860118392D8100694144 /* Frameworks */ = {
			isa = PBXGroup;
			children = (
				F4EC860218392D8100694144 /* Foundation.framework */,
				F4EC860418392D8100694144 /* CoreGraphics.framework */,
				F4EC860618392D8100694144 /* UIKit.framework */,
				F4EC862118392D8100694144 /* XCTest.framework */,
			);
			name = Frameworks;
			sourceTree = "<group>";
		};
		F4EC860818392D8100694144 /* SlowApp */ = {
			isa = PBXGroup;
			children = (
				F4EC861118392D8100694144 /* AppDelegate.h */,
				F4EC861218392D8100694144 /* AppDelegate.m */,
				F4EC861418392D8100694144 /* Main.storyboard */,
				F4EC861718392D8100694144 /* ViewController.h */,
				F4EC861818392D8100694144 /* ViewController.m */,
				F4EC861A18392D8100694144 /* Images.xcassets */,
				F4EC860918392D8100694144 /* Supporting Files */,
			);
			path = SlowApp;
			sourceTree = "<group>";
		};
		F4EC860918392D8100694144 /* Supporting Files */ = {
			isa = PBXGroup;
			children = (
				F4EC860A18392D8100694144 /* SlowApp-Info.plist */,
				F4EC860B18392D8100694144 /* InfoPlist.strings */,
				F4EC860E18392D8100694144 /* main.m */,
				F4EC861018392D8100694144 /* SlowApp-Prefix.pch */,
			);
			name = "Supporting Files";
			sourceTree = "<group>";
		};
		F4EC862718392D8100694144 /* SlowAppTests */ = {
			isa = PBXGroup;
			children = (
				F4EC862D18392D8100694144 /* SlowAppTests.m */,
				F4EC862818392D8100694144 /* Supporting Files */,
			);
			path = SlowAppTests;
			sourceTree = "<group>";
		};
		F4EC862818392D8100694144 /* Supporting Files */ = {
			isa = PBXGroup;
			children = (
				F4EC862918392D8100694144 /* SlowAppTests-Info.plist */,
				F4EC862A18392D8100694144 /* InfoPlist.strings */,
			);
			name = "Supporting Files";
			sourceTree = "<group>";
		};
/* End PBXGroup section */

/* Begin PBXNativeTarget section */
		F4EC85FE18392D8100694144 /* SlowApp */ = {
			isa = PBXNativeTarget;
			buildConfigurationList = F4EC863118392D8100694144 /* Build configuration list for PBXNativeTarget "SlowApp" */;
			buildPhases = (
				F4EC85FB18392D8100694144 /* Sources */,
				F4EC85FC18392D8100694144 /* Frameworks */,
				F4EC85FD18392D8100694144 /* Resources */,
			);
			buildRules = (
			);
			dependencies = (
			);
			name = SlowApp;
			productName = SlowApp;
			productReference = F4EC85FF18392D8100694144 /* SlowApp.app */;
			productType = "com.apple.product-type.application";
		};
		F4EC861F18392D8100694144 /* SlowAppTests */ = {
			isa = PBXNativeTarget;
			buildConfigurationList = F4EC863418392D8100694144 /* Build configuration list for PBXNativeTarget "SlowAppTests" */;
			buildPhases = (
				F4EC861C18392D8100694144 /* Sources */,
				F4EC861D18392D8100694144 /* Frameworks */,
				F4EC861E18392D8100694144 /* Resources */,
			);
			buildRules = (
			);
			dependencies = (
				F4EC862618392D8100694144 /* PBXTargetDependency */,
			);
			name = SlowAppTests;
			productName = SlowAppTests;
			productReference = F4EC862018392D8100694144 /* SlowAppTests.xctest */;
			productType = "com.apple.product-type.bundle.unit-test";
		};
/* End PBXNativeTarget section */

/* Begin PBXProject section */
		F4EC85F718392D8100694144 /* Project object */ = {
			isa = PBXProject;
			attributes = {
				LastUpgradeCheck = 0510;
				ORGANIZATIONNAME = "Simon Allardice";
				TargetAttributes = {
					F4EC861F18392D8100694144 = {
						TestTargetID = F4EC85FE18392D8100694144;
					};
				};
			};
			buildConfigurationList = F4EC85FA18392D8100694144 /* Build configuration list for PBXProject "SlowApp" */;
			compatibilityVersion = "Xcode 3.2";
			developmentRegion = English;
			hasScannedForEncodings = 0;
			knownRegions = (
				en,
				Base,
			);
			mainGroup = F4EC85F618392D8100694144;
			productRefGroup = F4EC860018392D8100694144 /* Products */;
			projectDirPath = "";
			projectRoot = "";
			targets = (
				F4EC85FE18392D8100694144 /* SlowApp */,
				F4EC861F18392D8100694144 /* SlowAppTests */,
			);
		};
/* End PBXProject section */

/* Begin PBXResourcesBuildPhase section */
		F4EC85FD18392D8100694144 /* Resources */ = {
			isa = PBXResourcesBuildPhase;
			buildActionMask = 2147483647;
			files = (
				F4EC861B18392D8100694144 /* Images.xcassets in Resources */,
				F4EC860D18392D8100694144 /* InfoPlist.strings in Resources */,
				F4EC861618392D8100694144 /* Main.storyboard in Resources */,
			);
			runOnlyForDeploymentPostprocessing = 0;
		};
		F4EC861E18392D8100694144 /* Resources */ = {
			isa = PBXResourcesBuildPhase;
			buildActionMask = 2147483647;
			files = (
				F4EC862C18392D8100694144 /* InfoPlist.strings in Resources */,
			);
			runOnlyForDeploymentPostprocessing = 0;
		};
/* End PBXResourcesBuildPhase section */

/* Begin PBXSourcesBuildPhase section */
		F4EC85FB18392D8100694144 /* Sources */ = {
			isa = PBXSourcesBuildPhase;
			buildActionMask = 2147483647;
			files = (
				F4EC861918392D8100694144 /* ViewController.m in Sources */,
				F4EC861318392D8100694144 /* AppDelegate.m in Sources */,
				F4EC860F18392D8100694144 /* main.m in Sources */,
			);
			runOnlyForDeploymentPostprocessing = 0;
		};
		F4EC861C18392D8100694144 /* Sources */ = {
			isa = PBXSourcesBuildPhase;
			buildActionMask = 2147483647;
			files = (
				F4EC862E18392D8100694144 /* SlowAppTests.m in Sources */,
			);
			runOnlyForDeploymentPostprocessing = 0;
		};
/* End PBXSourcesBuildPhase section */

/* Begin PBXTargetDependency section */
		F4EC862618392D8100694144 /* PBXTargetDependency */ = {
			isa = PBXTargetDependency;
			target = F4EC85FE18392D8100694144 /* SlowApp */;
			targetProxy = F4EC862518392D8100694144 /* PBXContainerItemProxy */;
		};
/* End PBXTargetDependency section */

/* Begin PBXVariantGroup section */
		F4EC860B18392D8100694144 /* InfoPlist.strings */ = {
			isa = PBXVariantGroup;
			children = (
				F4EC860C18392D8100694144 /* en */,
			);
			name = InfoPlist.strings;
			sourceTree = "<group>";
		};
		F4EC861418392D8100694144 /* Main.storyboard */ = {
			isa = PBXVariantGroup;
			children = (
				F4EC861518392D8100694144 /* Base */,
			);
			name = Main.storyboard;
			sourceTree = "<group>";
		};
		F4EC862A18392D8100694144 /* InfoPlist.strings */ = {
			isa = PBXVariantGroup;
			children = (
				F4EC862B18392D8100694144 /* en */,
			);
			name = InfoPlist.strings;
			sourceTree = "<group>";
		};
/* End PBXVariantGroup section */

/* Begin XCBuildConfiguration section */
		F4EC862F18392D8100694144 /* Debug */ = {
			isa = XCBuildConfiguration;
			buildSettings = {
				ALWAYS_SEARCH_USER_PATHS = NO;
				CLANG_CXX_LANGUAGE_STANDARD = "gnu++0x";
				CLANG_CXX_LIBRARY = "libc++";
				CLANG_ENABLE_MODULES = YES;
				CLANG_ENABLE_OBJC_ARC = YES;
				CLANG_WARN_BOOL_CONVERSION = YES;
				CLANG_WARN_CONSTANT_CONVERSION = YES;
				CLANG_WARN_DIRECT_OBJC_ISA_USAGE = YES_ERROR;
				CLANG_WARN_EMPTY_BODY = YES;
				CLANG_WARN_ENUM_CONVERSION = YES;
				CLANG_WARN_INT_CONVERSION = YES;
				CLANG_WARN_OBJC_ROOT_CLASS = YES_ERROR;
				CLANG_WARN__DUPLICATE_METHOD_MATCH = YES;
				"CODE_SIGN_IDENTITY[sdk=iphoneos*]" = "iPhone Developer";
				COPY_PHASE_STRIP = NO;
				GCC_C_LANGUAGE_STANDARD = gnu99;
				GCC_DYNAMIC_NO_PIC = NO;
				GCC_OPTIMIZATION_LEVEL = 0;
				GCC_PREPROCESSOR_DEFINITIONS = (
					"DEBUG=1",
					"$(inherited)",
				);
				GCC_SYMBOLS_PRIVATE_EXTERN = NO;
				GCC_WARN_64_TO_32_BIT_CONVERSION = YES;
				GCC_WARN_ABOUT_RETURN_TYPE = YES_ERROR;
				GCC_WARN_UNDECLARED_SELECTOR = YES;
				GCC_WARN_UNINITIALIZED_AUTOS = YES;
				GCC_WARN_UNUSED_FUNCTION = YES;
				GCC_WARN_UNUSED_VARIABLE = YES;
				IPHONEOS_DEPLOYMENT_TARGET = 7.0;
				ONLY_ACTIVE_ARCH = YES;
				SDKROOT = iphoneos;
			};
			name = Debug;
		};
		F4EC863018392D8100694144 /* Release */ = {
			isa = XCBuildConfiguration;
			buildSettings = {
				ALWAYS_SEARCH_USER_PATHS = NO;
				CLANG_CXX_LANGUAGE_STANDARD = "gnu++0x";
				CLANG_CXX_LIBRARY = "libc++";
				CLANG_ENABLE_MODULES = YES;
				CLANG_ENABLE_OBJC_ARC = YES;
				CLANG_WARN_BOOL_CONVERSION = YES;
				CLANG_WARN_CONSTANT_CONVERSION = YES;
				CLANG_WARN_DIRECT_OBJC_ISA_USAGE = YES_ERROR;
				CLANG_WARN_EMPTY_BODY = YES;
				CLANG_WARN_ENUM_CONVERSION = YES;
				CLANG_WARN_INT_CONVERSION = YES;
				CLANG_WARN_OBJC_ROOT_CLASS = YES_ERROR;
				CLANG_WARN__DUPLICATE_METHOD_MATCH = YES;
				"CODE_SIGN_IDENTITY[sdk=iphoneos*]" = "iPhone Developer";
				COPY_PHASE_STRIP = YES;
				ENABLE_NS_ASSERTIONS = NO;
				GCC_C_LANGUAGE_STANDARD = gnu99;
				GCC_WARN_64_TO_32_BIT_CONVERSION = YES;
				GCC_WARN_ABOUT_RETURN_TYPE = YES_ERROR;
				GCC_WARN_UNDECLARED_SELECTOR = YES;
				GCC_WARN_UNINITIALIZED_AUTOS = YES;
				GCC_WARN_UNUSED_FUNCTION = YES;
				GCC_WARN_UNUSED_VARIABLE = YES;
				IPHONEOS_DEPLOYMENT_TARGET = 7.0;
				SDKROOT = iphoneos;
				VALIDATE_PRODUCT = YES;
			};
			name = Release;
		};
		F4EC863218392D8100694144 /* Debug */ = {
			isa = XCBuildConfiguration;
			buildSettings = {
				ASSETCATALOG_COMPILER_APPICON_NAME = AppIcon;
				ASSETCATALOG_COMPILER_LAUNCHIMAGE_NAME = LaunchImage;
				GCC_PRECOMPILE_PREFIX_HEADER = YES;
				GCC_PREFIX_HEADER = "SlowApp/SlowApp-Prefix.pch";
				INFOPLIST_FILE = "SlowApp/SlowApp-Info.plist";
				PRODUCT_NAME = "$(TARGET_NAME)";
				WRAPPER_EXTENSION = app;
			};
			name = Debug;
		};
		F4EC863318392D8100694144 /* Release */ = {
			isa = XCBuildConfiguration;
			buildSettings = {
				ASSETCATALOG_COMPILER_APPICON_NAME = AppIcon;
				ASSETCATALOG_COMPILER_LAUNCHIMAGE_NAME = LaunchImage;
				GCC_PRECOMPILE_PREFIX_HEADER = YES;
				GCC_PREFIX_HEADER = "SlowApp/SlowApp-Prefix.pch";
				INFOPLIST_FILE = "SlowApp/SlowApp-Info.plist";
				PRODUCT_NAME = "$(TARGET_NAME)";
				WRAPPER_EXTENSION = app;
			};
			name = Release;
		};
		F4EC863518392D8100694144 /* Debug */ = {
			isa = XCBuildConfiguration;
			buildSettings = {
				BUNDLE_LOADER = "$(BUILT_PRODUCTS_DIR)/SlowApp.app/SlowApp";
				FRAMEWORK_SEARCH_PATHS = (
					"$(SDKROOT)/Developer/Library/Frameworks",
					"$(inherited)",
					"$(DEVELOPER_FRAMEWORKS_DIR)",
				);
				GCC_PRECOMPILE_PREFIX_HEADER = YES;
				GCC_PREFIX_HEADER = "SlowApp/SlowApp-Prefix.pch";
				GCC_PREPROCESSOR_DEFINITIONS = (
					"DEBUG=1",
					"$(inherited)",
				);
				INFOPLIST_FILE = "SlowAppTests/SlowAppTests-Info.plist";
				PRODUCT_NAME = "$(TARGET_NAME)";
				TEST_HOST = "$(BUNDLE_LOADER)";
				WRAPPER_EXTENSION = xctest;
			};
			name = Debug;
		};
		F4EC863618392D8100694144 /* Release */ = {
			isa = XCBuildConfiguration;
			buildSettings = {
				BUNDLE_LOADER = "$(BUILT_PRODUCTS_DIR)/SlowApp.app/SlowApp";
				FRAMEWORK_SEARCH_PATHS = (
					"$(SDKROOT)/Developer/Library/Frameworks",
					"$(inherited)",
					"$(DEVELOPER_FRAMEWORKS_DIR)",
				);
				GCC_PRECOMPILE_PREFIX_HEADER = YES;
				GCC_PREFIX_HEADER = "SlowApp/SlowApp-Prefix.pch";
				INFOPLIST_FILE = "SlowAppTests/SlowAppTests-Info.plist";
				PRODUCT_NAME = "$(TARGET_NAME)";
				TEST_HOST = "$(BUNDLE_LOADER)";
				WRAPPER_EXTENSION = xctest;
			};
			name = Release;
		};
/* End XCBuildConfiguration section */

/* Begin XCConfigurationList section */
		F4EC85FA18392D8100694144 /* Build configuration list for PBXProject "SlowApp" */ = {
			isa = XCConfigurationList;
			buildConfigurations = (
				F4EC862F18392D8100694144 /* Debug */,
				F4EC863018392D8100694144 /* Release */,
			);
			defaultConfigurationIsVisible = 0;
			defaultConfigurationName = Release;
		};
		F4EC863118392D8100694144 /* Build configuration list for PBXNativeTarget "SlowApp" */ = {
			isa = XCConfigurationList;
			buildConfigurations = (
				F4EC863218392D8100694144 /* Debug */,
				F4EC863318392D8100694144 /* Release */,
			);
			defaultConfigurationIsVisible = 0;
			defaultConfigurationName = Release;
		};
		F4EC863418392D8100694144 /* Build configuration list for PBXNativeTarget "SlowAppTests" */ = {
			isa = XCConfigurationList;
			buildConfigurations = (
				F4EC863518392D8100694144 /* Debug */,
				F4EC863618392D8100694144 /* Release */,
			);
			defaultConfigurationIsVisible = 0;
			defaultConfigurationName = Release;
		};
/* End XCConfigurationList section */
	};
	rootObject = F4EC85F718392D8100694144 /* Project object */;
}
